
Microsoft Visual Studio Solution File, Format Version 12.00
# Visual Studio Version 17
VisualStudioVersion = 17.5.33627.172
MinimumVisualStudioVersion = 10.0.40219.1
Project("{888888A0-9F3D-457C-B088-3A5042F75D52}") = "CIS110 Pizza Ordering Chatbot10", "CIS110 Pizza Ordering Chatbot10.pyproj", "{253DE6B3-FB3D-473F-A3B6-123F7E40EF1A}"
EndProject
Global
	GlobalSection(SolutionConfigurationPlatforms) = preSolution
		Debug|Any CPU = Debug|Any CPU
		Release|Any CPU = Release|Any CPU
	EndGlobalSection
	GlobalSection(ProjectConfigurationPlatforms) = postSolution
		{253DE6B3-FB3D-473F-A3B6-123F7E40EF1A}.Debug|Any CPU.ActiveCfg = Debug|Any CPU
		{253DE6B3-FB3D-473F-A3B6-123F7E40EF1A}.Release|Any CPU.ActiveCfg = Release|Any CPU
	EndGlobalSection
	GlobalSection(SolutionProperties) = preSolution
		HideSolutionNode = FALSE
	EndGlobalSection
	GlobalSection(ExtensibilityGlobals) = postSolution
		SolutionGuid = {D2F230C3-7AEC-4C69-9D57-67FE009B1F94}
	EndGlobalSection
EndGlobal
